// !$*UTF8*$!
{
	archiveVersion = 1;
	classes = {
	};
	objectVersion = 50;
	objects = {

/* Begin PBXBuildFile section */
		DA54E99E26939E0B001646B1 /* AppDelegate.swift in Sources */ = {isa = PBXBuildFile; fileRef = DA54E99D26939E0B001646B1 /* AppDelegate.swift */; };
		DA54E9A026939E0B001646B1 /* SceneDelegate.swift in Sources */ = {isa = PBXBuildFile; fileRef = DA54E99F26939E0B001646B1 /* SceneDelegate.swift */; };
		DA54E9A226939E0B001646B1 /* DirectoryListViewController.swift in Sources */ = {isa = PBXBuildFile; fileRef = DA54E9A126939E0B001646B1 /* DirectoryListViewController.swift */; };
		DA54E9A526939E0B001646B1 /* Main.storyboard in Resources */ = {isa = PBXBuildFile; fileRef = DA54E9A326939E0B001646B1 /* Main.storyboard */; };
		DA54E9A726939E0D001646B1 /* Assets.xcassets in Resources */ = {isa = PBXBuildFile; fileRef = DA54E9A626939E0D001646B1 /* Assets.xcassets */; };
		DA54E9AA26939E0D001646B1 /* LaunchScreen.storyboard in Resources */ = {isa = PBXBuildFile; fileRef = DA54E9A826939E0D001646B1 /* LaunchScreen.storyboard */; };
		DA54E9C026939E0D001646B1 /* DirectoryUITests.swift in Sources */ = {isa = PBXBuildFile; fileRef = DA54E9BF26939E0D001646B1 /* DirectoryUITests.swift */; };
		DA5EB5A22693D01100D71518 /* RoomsResponse.json in Resources */ = {isa = PBXBuildFile; fileRef = DA5EB5A12693D01100D71518 /* RoomsResponse.json */; };
		DA5EB5A32693D01100D71518 /* RoomsResponse.json in Resources */ = {isa = PBXBuildFile; fileRef = DA5EB5A12693D01100D71518 /* RoomsResponse.json */; };
		DA5EB5A72695141A00D71518 /* RoomListViewController.swift in Sources */ = {isa = PBXBuildFile; fileRef = DA5EB5A62695141A00D71518 /* RoomListViewController.swift */; };
		DA5EB5A82695141A00D71518 /* RoomListViewController.swift in Sources */ = {isa = PBXBuildFile; fileRef = DA5EB5A62695141A00D71518 /* RoomListViewController.swift */; };
		DA5EB5AA2695149E00D71518 /* RoomsListViewModel.swift in Sources */ = {isa = PBXBuildFile; fileRef = DA5EB5A92695149E00D71518 /* RoomsListViewModel.swift */; };
		DA5EB5AB2695149E00D71518 /* RoomsListViewModel.swift in Sources */ = {isa = PBXBuildFile; fileRef = DA5EB5A92695149E00D71518 /* RoomsListViewModel.swift */; };
		DA5EB5B1269522A800D71518 /* EmployeeDetailsTableViewController.swift in Sources */ = {isa = PBXBuildFile; fileRef = DA5EB5B0269522A800D71518 /* EmployeeDetailsTableViewController.swift */; };
		DA5EB5B2269522A800D71518 /* EmployeeDetailsTableViewController.swift in Sources */ = {isa = PBXBuildFile; fileRef = DA5EB5B0269522A800D71518 /* EmployeeDetailsTableViewController.swift */; };
		DA5EB5B52695258500D71518 /* EmployeeDetailNameAndPhotoTableViewCell.swift in Sources */ = {isa = PBXBuildFile; fileRef = DA5EB5B32695258500D71518 /* EmployeeDetailNameAndPhotoTableViewCell.swift */; };
		DA5EB5B62695258500D71518 /* EmployeeDetailNameAndPhotoTableViewCell.swift in Sources */ = {isa = PBXBuildFile; fileRef = DA5EB5B32695258500D71518 /* EmployeeDetailNameAndPhotoTableViewCell.swift */; };
		DA5EB5B72695258500D71518 /* EmployeeDetailTableViewCell.swift in Sources */ = {isa = PBXBuildFile; fileRef = DA5EB5B42695258500D71518 /* EmployeeDetailTableViewCell.swift */; };
		DA5EB5B82695258500D71518 /* EmployeeDetailTableViewCell.swift in Sources */ = {isa = PBXBuildFile; fileRef = DA5EB5B42695258500D71518 /* EmployeeDetailTableViewCell.swift */; };
		DA5EB5BA2695273000D71518 /* UIView+Constraints.swift in Sources */ = {isa = PBXBuildFile; fileRef = DA5EB5B92695273000D71518 /* UIView+Constraints.swift */; };
		DA5EB5BB2695273000D71518 /* UIView+Constraints.swift in Sources */ = {isa = PBXBuildFile; fileRef = DA5EB5B92695273000D71518 /* UIView+Constraints.swift */; };
		DA5EB5BD26952FEA00D71518 /* EmployeeDetailViewModel.swift in Sources */ = {isa = PBXBuildFile; fileRef = DA5EB5BC26952FEA00D71518 /* EmployeeDetailViewModel.swift */; };
		DA5EB5BE26952FEA00D71518 /* EmployeeDetailViewModel.swift in Sources */ = {isa = PBXBuildFile; fileRef = DA5EB5BC26952FEA00D71518 /* EmployeeDetailViewModel.swift */; };
		DA5EB5C32697B89A00D71518 /* EmployeeDetail.swift in Sources */ = {isa = PBXBuildFile; fileRef = DA5EB5C22697B89A00D71518 /* EmployeeDetail.swift */; };
		DA5EB5C42697B89A00D71518 /* EmployeeDetail.swift in Sources */ = {isa = PBXBuildFile; fileRef = DA5EB5C22697B89A00D71518 /* EmployeeDetail.swift */; };
		DA5EB5C62697D09F00D71518 /* EmployeeDetailsActionsManager.swift in Sources */ = {isa = PBXBuildFile; fileRef = DA5EB5C52697D09F00D71518 /* EmployeeDetailsActionsManager.swift */; };
		DA5EB5C72697D09F00D71518 /* EmployeeDetailsActionsManager.swift in Sources */ = {isa = PBXBuildFile; fileRef = DA5EB5C52697D09F00D71518 /* EmployeeDetailsActionsManager.swift */; };
		DA5EB5CB2697DF3900D71518 /* VMTheme.swift in Sources */ = {isa = PBXBuildFile; fileRef = DA5EB5CA2697DF3900D71518 /* VMTheme.swift */; };
		DA5EB5CC2697DF3900D71518 /* VMTheme.swift in Sources */ = {isa = PBXBuildFile; fileRef = DA5EB5CA2697DF3900D71518 /* VMTheme.swift */; };
		DA5EB5D0269AFBFE00D71518 /* Employee.swift in Sources */ = {isa = PBXBuildFile; fileRef = DA79EC9B2693C24E00D08F7B /* Employee.swift */; };
		DA5EB5D1269AFBFF00D71518 /* Employee.swift in Sources */ = {isa = PBXBuildFile; fileRef = DA79EC9B2693C24E00D08F7B /* Employee.swift */; };
		DA5EB5D2269AFC0200D71518 /* Room.swift in Sources */ = {isa = PBXBuildFile; fileRef = DA79EC9D2693C26400D08F7B /* Room.swift */; };
		DA5EB5D3269AFC0200D71518 /* Room.swift in Sources */ = {isa = PBXBuildFile; fileRef = DA79EC9D2693C26400D08F7B /* Room.swift */; };
		DA5EB5DE269C8A9D00D71518 /* Result.swift in Sources */ = {isa = PBXBuildFile; fileRef = DA5EB5DA269C8A9D00D71518 /* Result.swift */; };
		DA5EB5DF269C8A9D00D71518 /* Result.swift in Sources */ = {isa = PBXBuildFile; fileRef = DA5EB5DA269C8A9D00D71518 /* Result.swift */; };
		DA5EB5E0269C8A9D00D71518 /* Resource.swift in Sources */ = {isa = PBXBuildFile; fileRef = DA5EB5DB269C8A9D00D71518 /* Resource.swift */; };
		DA5EB5E1269C8A9D00D71518 /* Resource.swift in Sources */ = {isa = PBXBuildFile; fileRef = DA5EB5DB269C8A9D00D71518 /* Resource.swift */; };
		DA5EB5E2269C8A9D00D71518 /* HTTPError.swift in Sources */ = {isa = PBXBuildFile; fileRef = DA5EB5DC269C8A9D00D71518 /* HTTPError.swift */; };
		DA5EB5E3269C8A9D00D71518 /* HTTPError.swift in Sources */ = {isa = PBXBuildFile; fileRef = DA5EB5DC269C8A9D00D71518 /* HTTPError.swift */; };
		DA5EB5E4269C8A9D00D71518 /* API.swift in Sources */ = {isa = PBXBuildFile; fileRef = DA5EB5DD269C8A9D00D71518 /* API.swift */; };
		DA5EB5E5269C8A9D00D71518 /* API.swift in Sources */ = {isa = PBXBuildFile; fileRef = DA5EB5DD269C8A9D00D71518 /* API.swift */; };
		DA5EB5E8269C8F1B00D71518 /* Observable.swift in Sources */ = {isa = PBXBuildFile; fileRef = DA5EB5E7269C8F1B00D71518 /* Observable.swift */; };
		DA5EB5E9269C8F1B00D71518 /* Observable.swift in Sources */ = {isa = PBXBuildFile; fileRef = DA5EB5E7269C8F1B00D71518 /* Observable.swift */; };
		DA6E16DE269C9BF30002E50D /* ObservableTests.swift in Sources */ = {isa = PBXBuildFile; fileRef = DA6E16DD269C9BF30002E50D /* ObservableTests.swift */; };
		DA6E16E2269C9D900002E50D /* ResourceTests.swift in Sources */ = {isa = PBXBuildFile; fileRef = DA6E16E0269C9D900002E50D /* ResourceTests.swift */; };
		DA6E16E3269C9D900002E50D /* APITests.swift in Sources */ = {isa = PBXBuildFile; fileRef = DA6E16E1269C9D900002E50D /* APITests.swift */; };
		DA6E16EB269C9E010002E50D /* TestModel.swift in Sources */ = {isa = PBXBuildFile; fileRef = DA6E16E6269C9E010002E50D /* TestModel.swift */; };
		DA6E16EC269C9E010002E50D /* MockURLSessionProtocol.swift in Sources */ = {isa = PBXBuildFile; fileRef = DA6E16E7269C9E010002E50D /* MockURLSessionProtocol.swift */; };
		DA6E16F2269CA0720002E50D /* ImageService.swift in Sources */ = {isa = PBXBuildFile; fileRef = DA6E16F1269CA0720002E50D /* ImageService.swift */; };
		DA6E16F5269CA2F80002E50D /* DirectoryListService.swift in Sources */ = {isa = PBXBuildFile; fileRef = DA6E16F4269CA2F80002E50D /* DirectoryListService.swift */; };
		DA6E16F6269CA2F80002E50D /* DirectoryListService.swift in Sources */ = {isa = PBXBuildFile; fileRef = DA6E16F4269CA2F80002E50D /* DirectoryListService.swift */; };
		DA6E16F8269CA4700002E50D /* Constants.swift in Sources */ = {isa = PBXBuildFile; fileRef = DA6E16F7269CA4700002E50D /* Constants.swift */; };
		DA6E16FB269D05780002E50D /* RoomsListService.swift in Sources */ = {isa = PBXBuildFile; fileRef = DA6E16FA269D05780002E50D /* RoomsListService.swift */; };
		DA6E16FC269D05780002E50D /* RoomsListService.swift in Sources */ = {isa = PBXBuildFile; fileRef = DA6E16FA269D05780002E50D /* RoomsListService.swift */; };
		DA6E16FD269D0CB00002E50D /* Constants.swift in Sources */ = {isa = PBXBuildFile; fileRef = DA6E16F7269CA4700002E50D /* Constants.swift */; };
		DA6E16FE269D220E0002E50D /* ImageService.swift in Sources */ = {isa = PBXBuildFile; fileRef = DA6E16F1269CA0720002E50D /* ImageService.swift */; };
		DA6E1704269D26560002E50D /* DirectoryListViewModelTests.swift in Sources */ = {isa = PBXBuildFile; fileRef = DA6E1703269D26560002E50D /* DirectoryListViewModelTests.swift */; };
		DA6E1706269D27010002E50D /* MockDirectoryListService.swift in Sources */ = {isa = PBXBuildFile; fileRef = DA6E1705269D27010002E50D /* MockDirectoryListService.swift */; };
		DA6E1707269D3B9E0002E50D /* DirectoryListViewModel.swift in Sources */ = {isa = PBXBuildFile; fileRef = DA79EC9F2693C31600D08F7B /* DirectoryListViewModel.swift */; };
		DA6E170A269D3CC50002E50D /* RoomsListViewModelTests.swift in Sources */ = {isa = PBXBuildFile; fileRef = DA6E1709269D3CC50002E50D /* RoomsListViewModelTests.swift */; };
		DA6E170C269D3D7D0002E50D /* MockRoomListService.swift in Sources */ = {isa = PBXBuildFile; fileRef = DA6E170B269D3D7D0002E50D /* MockRoomListService.swift */; };
		DA79EC9C2693C24E00D08F7B /* Employee.swift in Sources */ = {isa = PBXBuildFile; fileRef = DA79EC9B2693C24E00D08F7B /* Employee.swift */; };
		DA79EC9E2693C26400D08F7B /* Room.swift in Sources */ = {isa = PBXBuildFile; fileRef = DA79EC9D2693C26400D08F7B /* Room.swift */; };
		DA79ECA02693C31600D08F7B /* DirectoryListViewModel.swift in Sources */ = {isa = PBXBuildFile; fileRef = DA79EC9F2693C31600D08F7B /* DirectoryListViewModel.swift */; };
		DA79ECA22693C46A00D08F7B /* PeopleResponse.json in Resources */ = {isa = PBXBuildFile; fileRef = DA79ECA12693C46A00D08F7B /* PeopleResponse.json */; };
		DA79ECA32693C46A00D08F7B /* PeopleResponse.json in Resources */ = {isa = PBXBuildFile; fileRef = DA79ECA12693C46A00D08F7B /* PeopleResponse.json */; };
/* End PBXBuildFile section */

/* Begin PBXContainerItemProxy section */
		DA54E9B126939E0D001646B1 /* PBXContainerItemProxy */ = {
			isa = PBXContainerItemProxy;
			containerPortal = DA54E99226939E0A001646B1 /* Project object */;
			proxyType = 1;
			remoteGlobalIDString = DA54E99926939E0B001646B1;
			remoteInfo = Directory;
		};
		DA54E9BC26939E0D001646B1 /* PBXContainerItemProxy */ = {
			isa = PBXContainerItemProxy;
			containerPortal = DA54E99226939E0A001646B1 /* Project object */;
			proxyType = 1;
			remoteGlobalIDString = DA54E99926939E0B001646B1;
			remoteInfo = Directory;
		};
/* End PBXContainerItemProxy section */

/* Begin PBXFileReference section */
		DA54E99A26939E0B001646B1 /* Directory.app */ = {isa = PBXFileReference; explicitFileType = wrapper.application; includeInIndex = 0; path = Directory.app; sourceTree = BUILT_PRODUCTS_DIR; };
		DA54E99D26939E0B001646B1 /* AppDelegate.swift */ = {isa = PBXFileReference; lastKnownFileType = sourcecode.swift; path = AppDelegate.swift; sourceTree = "<group>"; };
		DA54E99F26939E0B001646B1 /* SceneDelegate.swift */ = {isa = PBXFileReference; lastKnownFileType = sourcecode.swift; path = SceneDelegate.swift; sourceTree = "<group>"; };
		DA54E9A126939E0B001646B1 /* DirectoryListViewController.swift */ = {isa = PBXFileReference; lastKnownFileType = sourcecode.swift; path = DirectoryListViewController.swift; sourceTree = "<group>"; };
		DA54E9A426939E0B001646B1 /* Base */ = {isa = PBXFileReference; lastKnownFileType = file.storyboard; name = Base; path = Base.lproj/Main.storyboard; sourceTree = "<group>"; };
		DA54E9A626939E0D001646B1 /* Assets.xcassets */ = {isa = PBXFileReference; lastKnownFileType = folder.assetcatalog; path = Assets.xcassets; sourceTree = "<group>"; };
		DA54E9A926939E0D001646B1 /* Base */ = {isa = PBXFileReference; lastKnownFileType = file.storyboard; name = Base; path = Base.lproj/LaunchScreen.storyboard; sourceTree = "<group>"; };
		DA54E9AB26939E0D001646B1 /* Info.plist */ = {isa = PBXFileReference; lastKnownFileType = text.plist.xml; path = Info.plist; sourceTree = "<group>"; };
		DA54E9B026939E0D001646B1 /* DirectoryTests.xctest */ = {isa = PBXFileReference; explicitFileType = wrapper.cfbundle; includeInIndex = 0; path = DirectoryTests.xctest; sourceTree = BUILT_PRODUCTS_DIR; };
		DA54E9B626939E0D001646B1 /* Info.plist */ = {isa = PBXFileReference; lastKnownFileType = text.plist.xml; path = Info.plist; sourceTree = "<group>"; };
		DA54E9BB26939E0D001646B1 /* DirectoryUITests.xctest */ = {isa = PBXFileReference; explicitFileType = wrapper.cfbundle; includeInIndex = 0; path = DirectoryUITests.xctest; sourceTree = BUILT_PRODUCTS_DIR; };
		DA54E9BF26939E0D001646B1 /* DirectoryUITests.swift */ = {isa = PBXFileReference; lastKnownFileType = sourcecode.swift; path = DirectoryUITests.swift; sourceTree = "<group>"; };
		DA54E9C126939E0D001646B1 /* Info.plist */ = {isa = PBXFileReference; lastKnownFileType = text.plist.xml; path = Info.plist; sourceTree = "<group>"; };
		DA5EB5A12693D01100D71518 /* RoomsResponse.json */ = {isa = PBXFileReference; fileEncoding = 4; lastKnownFileType = text.json; path = RoomsResponse.json; sourceTree = "<group>"; };
		DA5EB5A62695141A00D71518 /* RoomListViewController.swift */ = {isa = PBXFileReference; lastKnownFileType = sourcecode.swift; path = RoomListViewController.swift; sourceTree = "<group>"; };
		DA5EB5A92695149E00D71518 /* RoomsListViewModel.swift */ = {isa = PBXFileReference; lastKnownFileType = sourcecode.swift; path = RoomsListViewModel.swift; sourceTree = "<group>"; };
		DA5EB5B0269522A800D71518 /* EmployeeDetailsTableViewController.swift */ = {isa = PBXFileReference; lastKnownFileType = sourcecode.swift; path = EmployeeDetailsTableViewController.swift; sourceTree = "<group>"; };
		DA5EB5B32695258500D71518 /* EmployeeDetailNameAndPhotoTableViewCell.swift */ = {isa = PBXFileReference; fileEncoding = 4; lastKnownFileType = sourcecode.swift; path = EmployeeDetailNameAndPhotoTableViewCell.swift; sourceTree = "<group>"; };
		DA5EB5B42695258500D71518 /* EmployeeDetailTableViewCell.swift */ = {isa = PBXFileReference; fileEncoding = 4; lastKnownFileType = sourcecode.swift; path = EmployeeDetailTableViewCell.swift; sourceTree = "<group>"; };
		DA5EB5B92695273000D71518 /* UIView+Constraints.swift */ = {isa = PBXFileReference; fileEncoding = 4; lastKnownFileType = sourcecode.swift; path = "UIView+Constraints.swift"; sourceTree = "<group>"; };
		DA5EB5BC26952FEA00D71518 /* EmployeeDetailViewModel.swift */ = {isa = PBXFileReference; lastKnownFileType = sourcecode.swift; path = EmployeeDetailViewModel.swift; sourceTree = "<group>"; };
		DA5EB5C22697B89A00D71518 /* EmployeeDetail.swift */ = {isa = PBXFileReference; lastKnownFileType = sourcecode.swift; path = EmployeeDetail.swift; sourceTree = "<group>"; };
		DA5EB5C52697D09F00D71518 /* EmployeeDetailsActionsManager.swift */ = {isa = PBXFileReference; lastKnownFileType = sourcecode.swift; path = EmployeeDetailsActionsManager.swift; sourceTree = "<group>"; };
		DA5EB5CA2697DF3900D71518 /* VMTheme.swift */ = {isa = PBXFileReference; lastKnownFileType = sourcecode.swift; path = VMTheme.swift; sourceTree = "<group>"; };
		DA5EB5DA269C8A9D00D71518 /* Result.swift */ = {isa = PBXFileReference; fileEncoding = 4; lastKnownFileType = sourcecode.swift; path = Result.swift; sourceTree = "<group>"; };
		DA5EB5DB269C8A9D00D71518 /* Resource.swift */ = {isa = PBXFileReference; fileEncoding = 4; lastKnownFileType = sourcecode.swift; path = Resource.swift; sourceTree = "<group>"; };
		DA5EB5DC269C8A9D00D71518 /* HTTPError.swift */ = {isa = PBXFileReference; fileEncoding = 4; lastKnownFileType = sourcecode.swift; path = HTTPError.swift; sourceTree = "<group>"; };
		DA5EB5DD269C8A9D00D71518 /* API.swift */ = {isa = PBXFileReference; fileEncoding = 4; lastKnownFileType = sourcecode.swift; path = API.swift; sourceTree = "<group>"; };
		DA5EB5E7269C8F1B00D71518 /* Observable.swift */ = {isa = PBXFileReference; fileEncoding = 4; lastKnownFileType = sourcecode.swift; path = Observable.swift; sourceTree = "<group>"; };
		DA6E16DD269C9BF30002E50D /* ObservableTests.swift */ = {isa = PBXFileReference; fileEncoding = 4; lastKnownFileType = sourcecode.swift; path = ObservableTests.swift; sourceTree = "<group>"; };
		DA6E16E0269C9D900002E50D /* ResourceTests.swift */ = {isa = PBXFileReference; fileEncoding = 4; lastKnownFileType = sourcecode.swift; path = ResourceTests.swift; sourceTree = "<group>"; };
		DA6E16E1269C9D900002E50D /* APITests.swift */ = {isa = PBXFileReference; fileEncoding = 4; lastKnownFileType = sourcecode.swift; path = APITests.swift; sourceTree = "<group>"; };
		DA6E16E6269C9E010002E50D /* TestModel.swift */ = {isa = PBXFileReference; fileEncoding = 4; lastKnownFileType = sourcecode.swift; path = TestModel.swift; sourceTree = "<group>"; };
		DA6E16E7269C9E010002E50D /* MockURLSessionProtocol.swift */ = {isa = PBXFileReference; fileEncoding = 4; lastKnownFileType = sourcecode.swift; path = MockURLSessionProtocol.swift; sourceTree = "<group>"; };
		DA6E16F1269CA0720002E50D /* ImageService.swift */ = {isa = PBXFileReference; fileEncoding = 4; lastKnownFileType = sourcecode.swift; path = ImageService.swift; sourceTree = "<group>"; };
		DA6E16F4269CA2F80002E50D /* DirectoryListService.swift */ = {isa = PBXFileReference; lastKnownFileType = sourcecode.swift; path = DirectoryListService.swift; sourceTree = "<group>"; };
		DA6E16F7269CA4700002E50D /* Constants.swift */ = {isa = PBXFileReference; fileEncoding = 4; lastKnownFileType = sourcecode.swift; path = Constants.swift; sourceTree = "<group>"; };
		DA6E16FA269D05780002E50D /* RoomsListService.swift */ = {isa = PBXFileReference; lastKnownFileType = sourcecode.swift; path = RoomsListService.swift; sourceTree = "<group>"; };
		DA6E1703269D26560002E50D /* DirectoryListViewModelTests.swift */ = {isa = PBXFileReference; lastKnownFileType = sourcecode.swift; path = DirectoryListViewModelTests.swift; sourceTree = "<group>"; };
		DA6E1705269D27010002E50D /* MockDirectoryListService.swift */ = {isa = PBXFileReference; fileEncoding = 4; lastKnownFileType = sourcecode.swift; path = MockDirectoryListService.swift; sourceTree = "<group>"; };
		DA6E1709269D3CC50002E50D /* RoomsListViewModelTests.swift */ = {isa = PBXFileReference; lastKnownFileType = sourcecode.swift; path = RoomsListViewModelTests.swift; sourceTree = "<group>"; };
		DA6E170B269D3D7D0002E50D /* MockRoomListService.swift */ = {isa = PBXFileReference; lastKnownFileType = sourcecode.swift; path = MockRoomListService.swift; sourceTree = "<group>"; };
		DA79EC9B2693C24E00D08F7B /* Employee.swift */ = {isa = PBXFileReference; lastKnownFileType = sourcecode.swift; path = Employee.swift; sourceTree = "<group>"; };
		DA79EC9D2693C26400D08F7B /* Room.swift */ = {isa = PBXFileReference; lastKnownFileType = sourcecode.swift; path = Room.swift; sourceTree = "<group>"; };
		DA79EC9F2693C31600D08F7B /* DirectoryListViewModel.swift */ = {isa = PBXFileReference; lastKnownFileType = sourcecode.swift; path = DirectoryListViewModel.swift; sourceTree = "<group>"; };
		DA79ECA12693C46A00D08F7B /* PeopleResponse.json */ = {isa = PBXFileReference; fileEncoding = 4; lastKnownFileType = text.json; path = PeopleResponse.json; sourceTree = "<group>"; };
/* End PBXFileReference section */

/* Begin PBXFrameworksBuildPhase section */
		DA54E99726939E0B001646B1 /* Frameworks */ = {
			isa = PBXFrameworksBuildPhase;
			buildActionMask = 2147483647;
			files = (
			);
			runOnlyForDeploymentPostprocessing = 0;
		};
		DA54E9AD26939E0D001646B1 /* Frameworks */ = {
			isa = PBXFrameworksBuildPhase;
			buildActionMask = 2147483647;
			files = (
			);
			runOnlyForDeploymentPostprocessing = 0;
		};
		DA54E9B826939E0D001646B1 /* Frameworks */ = {
			isa = PBXFrameworksBuildPhase;
			buildActionMask = 2147483647;
			files = (
			);
			runOnlyForDeploymentPostprocessing = 0;
		};
/* End PBXFrameworksBuildPhase section */

/* Begin PBXGroup section */
		DA54E99126939E0A001646B1 = {
			isa = PBXGroup;
			children = (
				DA54E99C26939E0B001646B1 /* Directory */,
				DA54E9B326939E0D001646B1 /* DirectoryTests */,
				DA54E9BE26939E0D001646B1 /* DirectoryUITests */,
				DA54E99B26939E0B001646B1 /* Products */,
			);
			sourceTree = "<group>";
		};
		DA54E99B26939E0B001646B1 /* Products */ = {
			isa = PBXGroup;
			children = (
				DA54E99A26939E0B001646B1 /* Directory.app */,
				DA54E9B026939E0D001646B1 /* DirectoryTests.xctest */,
				DA54E9BB26939E0D001646B1 /* DirectoryUITests.xctest */,
			);
			name = Products;
			sourceTree = "<group>";
		};
		DA54E99C26939E0B001646B1 /* Directory */ = {
			isa = PBXGroup;
			children = (
				DA5EB5D9269C8A9D00D71518 /* API */,
				DA6E16F0269CA0610002E50D /* Services */,
				DA5EB5E6269C8F0D00D71518 /* Helper */,
				DA5EB5C82697D29300D71518 /* Extensions */,
				DA5EB5A42693D22A00D71518 /* DirectoryList */,
				DA5EB5AC2695212500D71518 /* EmployeeDetails */,
				DA5EB5A526950E5A00D71518 /* RoomList */,
				DA79EC9A2693C1FD00D08F7B /* Models */,
				DA54E99D26939E0B001646B1 /* AppDelegate.swift */,
				DA54E99F26939E0B001646B1 /* SceneDelegate.swift */,
				DA5EB5CA2697DF3900D71518 /* VMTheme.swift */,
				DA54E9A326939E0B001646B1 /* Main.storyboard */,
				DA54E9A626939E0D001646B1 /* Assets.xcassets */,
				DA54E9A826939E0D001646B1 /* LaunchScreen.storyboard */,
				DA54E9AB26939E0D001646B1 /* Info.plist */,
			);
			path = Directory;
			sourceTree = "<group>";
		};
		DA54E9B326939E0D001646B1 /* DirectoryTests */ = {
			isa = PBXGroup;
			children = (
				DA5EB5C92697D2B000D71518 /* SampleResponses */,
				DA6E1708269D3C840002E50D /* RoomList */,
				DA6E16FF269D25A80002E50D /* DirectoryList */,
				DA6E16E5269C9E010002E50D /* Mocks */,
				DA6E16E4269C9D990002E50D /* Helper */,
				DA6E16DF269C9D900002E50D /* API */,
				DA54E9B626939E0D001646B1 /* Info.plist */,
			);
			path = DirectoryTests;
			sourceTree = "<group>";
		};
		DA54E9BE26939E0D001646B1 /* DirectoryUITests */ = {
			isa = PBXGroup;
			children = (
				DA54E9BF26939E0D001646B1 /* DirectoryUITests.swift */,
				DA54E9C126939E0D001646B1 /* Info.plist */,
			);
			path = DirectoryUITests;
			sourceTree = "<group>";
		};
		DA5EB5A42693D22A00D71518 /* DirectoryList */ = {
			isa = PBXGroup;
			children = (
				DA79EC9F2693C31600D08F7B /* DirectoryListViewModel.swift */,
				DA54E9A126939E0B001646B1 /* DirectoryListViewController.swift */,
			);
			path = DirectoryList;
			sourceTree = "<group>";
		};
		DA5EB5A526950E5A00D71518 /* RoomList */ = {
			isa = PBXGroup;
			children = (
				DA5EB5A62695141A00D71518 /* RoomListViewController.swift */,
				DA5EB5A92695149E00D71518 /* RoomsListViewModel.swift */,
			);
			path = RoomList;
			sourceTree = "<group>";
		};
		DA5EB5AC2695212500D71518 /* EmployeeDetails */ = {
			isa = PBXGroup;
			children = (
				DA5EB5B0269522A800D71518 /* EmployeeDetailsTableViewController.swift */,
				DA5EB5B32695258500D71518 /* EmployeeDetailNameAndPhotoTableViewCell.swift */,
				DA5EB5B42695258500D71518 /* EmployeeDetailTableViewCell.swift */,
				DA5EB5C52697D09F00D71518 /* EmployeeDetailsActionsManager.swift */,
				DA5EB5BC26952FEA00D71518 /* EmployeeDetailViewModel.swift */,
				DA5EB5C22697B89A00D71518 /* EmployeeDetail.swift */,
			);
			path = EmployeeDetails;
			sourceTree = "<group>";
		};
		DA5EB5C82697D29300D71518 /* Extensions */ = {
			isa = PBXGroup;
			children = (
				DA5EB5B92695273000D71518 /* UIView+Constraints.swift */,
			);
			path = Extensions;
			sourceTree = "<group>";
		};
		DA5EB5C92697D2B000D71518 /* SampleResponses */ = {
			isa = PBXGroup;
			children = (
				DA79ECA12693C46A00D08F7B /* PeopleResponse.json */,
				DA5EB5A12693D01100D71518 /* RoomsResponse.json */,
			);
			path = SampleResponses;
			sourceTree = "<group>";
		};
		DA5EB5D9269C8A9D00D71518 /* API */ = {
			isa = PBXGroup;
			children = (
				DA5EB5DA269C8A9D00D71518 /* Result.swift */,
				DA5EB5DB269C8A9D00D71518 /* Resource.swift */,
				DA5EB5DC269C8A9D00D71518 /* HTTPError.swift */,
				DA5EB5DD269C8A9D00D71518 /* API.swift */,
			);
			path = API;
			sourceTree = "<group>";
		};
		DA5EB5E6269C8F0D00D71518 /* Helper */ = {
			isa = PBXGroup;
			children = (
				DA6E16F7269CA4700002E50D /* Constants.swift */,
				DA5EB5E7269C8F1B00D71518 /* Observable.swift */,
			);
			path = Helper;
			sourceTree = "<group>";
		};
		DA6E16DF269C9D900002E50D /* API */ = {
			isa = PBXGroup;
			children = (
				DA6E16E0269C9D900002E50D /* ResourceTests.swift */,
				DA6E16E1269C9D900002E50D /* APITests.swift */,
			);
			path = API;
			sourceTree = "<group>";
		};
		DA6E16E4269C9D990002E50D /* Helper */ = {
			isa = PBXGroup;
			children = (
				DA6E16DD269C9BF30002E50D /* ObservableTests.swift */,
			);
			path = Helper;
			sourceTree = "<group>";
		};
		DA6E16E5269C9E010002E50D /* Mocks */ = {
			isa = PBXGroup;
			children = (
				DA6E1705269D27010002E50D /* MockDirectoryListService.swift */,
				DA6E170B269D3D7D0002E50D /* MockRoomListService.swift */,
				DA6E16E6269C9E010002E50D /* TestModel.swift */,
				DA6E16E7269C9E010002E50D /* MockURLSessionProtocol.swift */,
			);
			path = Mocks;
			sourceTree = "<group>";
		};
		DA6E16F0269CA0610002E50D /* Services */ = {
			isa = PBXGroup;
			children = (
				DA6E16F1269CA0720002E50D /* ImageService.swift */,
				DA6E16F4269CA2F80002E50D /* DirectoryListService.swift */,
				DA6E16FA269D05780002E50D /* RoomsListService.swift */,
			);
			path = Services;
			sourceTree = "<group>";
		};
		DA6E16FF269D25A80002E50D /* DirectoryList */ = {
			isa = PBXGroup;
			children = (
				DA6E1703269D26560002E50D /* DirectoryListViewModelTests.swift */,
			);
			path = DirectoryList;
			sourceTree = "<group>";
		};
		DA6E1708269D3C840002E50D /* RoomList */ = {
			isa = PBXGroup;
			children = (
				DA6E1709269D3CC50002E50D /* RoomsListViewModelTests.swift */,
			);
			path = RoomList;
			sourceTree = "<group>";
		};
		DA79EC9A2693C1FD00D08F7B /* Models */ = {
			isa = PBXGroup;
			children = (
				DA79EC9B2693C24E00D08F7B /* Employee.swift */,
				DA79EC9D2693C26400D08F7B /* Room.swift */,
			);
			path = Models;
			sourceTree = "<group>";
		};
/* End PBXGroup section */

/* Begin PBXNativeTarget section */
		DA54E99926939E0B001646B1 /* Directory */ = {
			isa = PBXNativeTarget;
			buildConfigurationList = DA54E9C426939E0D001646B1 /* Build configuration list for PBXNativeTarget "Directory" */;
			buildPhases = (
				DA54E99626939E0B001646B1 /* Sources */,
				DA54E99726939E0B001646B1 /* Frameworks */,
				DA54E99826939E0B001646B1 /* Resources */,
			);
			buildRules = (
			);
			dependencies = (
			);
			name = Directory;
			productName = Directory;
			productReference = DA54E99A26939E0B001646B1 /* Directory.app */;
			productType = "com.apple.product-type.application";
		};
		DA54E9AF26939E0D001646B1 /* DirectoryTests */ = {
			isa = PBXNativeTarget;
			buildConfigurationList = DA54E9C726939E0D001646B1 /* Build configuration list for PBXNativeTarget "DirectoryTests" */;
			buildPhases = (
				DA54E9AC26939E0D001646B1 /* Sources */,
				DA54E9AD26939E0D001646B1 /* Frameworks */,
				DA54E9AE26939E0D001646B1 /* Resources */,
			);
			buildRules = (
			);
			dependencies = (
				DA54E9B226939E0D001646B1 /* PBXTargetDependency */,
			);
			name = DirectoryTests;
			productName = DirectoryTests;
			productReference = DA54E9B026939E0D001646B1 /* DirectoryTests.xctest */;
			productType = "com.apple.product-type.bundle.unit-test";
		};
		DA54E9BA26939E0D001646B1 /* DirectoryUITests */ = {
			isa = PBXNativeTarget;
			buildConfigurationList = DA54E9CA26939E0D001646B1 /* Build configuration list for PBXNativeTarget "DirectoryUITests" */;
			buildPhases = (
				DA54E9B726939E0D001646B1 /* Sources */,
				DA54E9B826939E0D001646B1 /* Frameworks */,
				DA54E9B926939E0D001646B1 /* Resources */,
			);
			buildRules = (
			);
			dependencies = (
				DA54E9BD26939E0D001646B1 /* PBXTargetDependency */,
			);
			name = DirectoryUITests;
			productName = DirectoryUITests;
			productReference = DA54E9BB26939E0D001646B1 /* DirectoryUITests.xctest */;
			productType = "com.apple.product-type.bundle.ui-testing";
		};
/* End PBXNativeTarget section */

/* Begin PBXProject section */
		DA54E99226939E0A001646B1 /* Project object */ = {
			isa = PBXProject;
			attributes = {
				LastSwiftUpdateCheck = 1250;
				LastUpgradeCheck = 1250;
				TargetAttributes = {
					DA54E99926939E0B001646B1 = {
						CreatedOnToolsVersion = 12.5;
					};
					DA54E9AF26939E0D001646B1 = {
						CreatedOnToolsVersion = 12.5;
						TestTargetID = DA54E99926939E0B001646B1;
					};
					DA54E9BA26939E0D001646B1 = {
						CreatedOnToolsVersion = 12.5;
						TestTargetID = DA54E99926939E0B001646B1;
					};
				};
			};
			buildConfigurationList = DA54E99526939E0A001646B1 /* Build configuration list for PBXProject "Directory" */;
			compatibilityVersion = "Xcode 9.3";
			developmentRegion = en;
			hasScannedForEncodings = 0;
			knownRegions = (
				en,
				Base,
			);
			mainGroup = DA54E99126939E0A001646B1;
			productRefGroup = DA54E99B26939E0B001646B1 /* Products */;
			projectDirPath = "";
			projectRoot = "";
			targets = (
				DA54E99926939E0B001646B1 /* Directory */,
				DA54E9AF26939E0D001646B1 /* DirectoryTests */,
				DA54E9BA26939E0D001646B1 /* DirectoryUITests */,
			);
		};
/* End PBXProject section */

/* Begin PBXResourcesBuildPhase section */
		DA54E99826939E0B001646B1 /* Resources */ = {
			isa = PBXResourcesBuildPhase;
			buildActionMask = 2147483647;
			files = (
				DA54E9AA26939E0D001646B1 /* LaunchScreen.storyboard in Resources */,
				DA5EB5A22693D01100D71518 /* RoomsResponse.json in Resources */,
				DA79ECA22693C46A00D08F7B /* PeopleResponse.json in Resources */,
				DA54E9A726939E0D001646B1 /* Assets.xcassets in Resources */,
				DA54E9A526939E0B001646B1 /* Main.storyboard in Resources */,
			);
			runOnlyForDeploymentPostprocessing = 0;
		};
		DA54E9AE26939E0D001646B1 /* Resources */ = {
			isa = PBXResourcesBuildPhase;
			buildActionMask = 2147483647;
			files = (
				DA79ECA32693C46A00D08F7B /* PeopleResponse.json in Resources */,
				DA5EB5A32693D01100D71518 /* RoomsResponse.json in Resources */,
			);
			runOnlyForDeploymentPostprocessing = 0;
		};
		DA54E9B926939E0D001646B1 /* Resources */ = {
			isa = PBXResourcesBuildPhase;
			buildActionMask = 2147483647;
			files = (
			);
			runOnlyForDeploymentPostprocessing = 0;
		};
/* End PBXResourcesBuildPhase section */

/* Begin PBXSourcesBuildPhase section */
		DA54E99626939E0B001646B1 /* Sources */ = {
			isa = PBXSourcesBuildPhase;
			buildActionMask = 2147483647;
			files = (
				DA5EB5E4269C8A9D00D71518 /* API.swift in Sources */,
				DA5EB5C62697D09F00D71518 /* EmployeeDetailsActionsManager.swift in Sources */,
				DA5EB5DE269C8A9D00D71518 /* Result.swift in Sources */,
				DA54E9A226939E0B001646B1 /* DirectoryListViewController.swift in Sources */,
				DA6E16FB269D05780002E50D /* RoomsListService.swift in Sources */,
				DA79EC9C2693C24E00D08F7B /* Employee.swift in Sources */,
				DA6E16F5269CA2F80002E50D /* DirectoryListService.swift in Sources */,
				DA6E16F8269CA4700002E50D /* Constants.swift in Sources */,
				DA54E99E26939E0B001646B1 /* AppDelegate.swift in Sources */,
				DA5EB5BD26952FEA00D71518 /* EmployeeDetailViewModel.swift in Sources */,
				DA5EB5CB2697DF3900D71518 /* VMTheme.swift in Sources */,
				DA5EB5BA2695273000D71518 /* UIView+Constraints.swift in Sources */,
				DA54E9A026939E0B001646B1 /* SceneDelegate.swift in Sources */,
				DA5EB5C32697B89A00D71518 /* EmployeeDetail.swift in Sources */,
				DA5EB5A72695141A00D71518 /* RoomListViewController.swift in Sources */,
				DA5EB5E0269C8A9D00D71518 /* Resource.swift in Sources */,
				DA79ECA02693C31600D08F7B /* DirectoryListViewModel.swift in Sources */,
				DA79EC9E2693C26400D08F7B /* Room.swift in Sources */,
				DA6E16F2269CA0720002E50D /* ImageService.swift in Sources */,
				DA5EB5E2269C8A9D00D71518 /* HTTPError.swift in Sources */,
				DA5EB5B52695258500D71518 /* EmployeeDetailNameAndPhotoTableViewCell.swift in Sources */,
				DA5EB5B1269522A800D71518 /* EmployeeDetailsTableViewController.swift in Sources */,
				DA5EB5B72695258500D71518 /* EmployeeDetailTableViewCell.swift in Sources */,
				DA5EB5AA2695149E00D71518 /* RoomsListViewModel.swift in Sources */,
				DA5EB5E8269C8F1B00D71518 /* Observable.swift in Sources */,
			);
			runOnlyForDeploymentPostprocessing = 0;
		};
		DA54E9AC26939E0D001646B1 /* Sources */ = {
			isa = PBXSourcesBuildPhase;
			buildActionMask = 2147483647;
			files = (
				DA5EB5B82695258500D71518 /* EmployeeDetailTableViewCell.swift in Sources */,
				DA6E16DE269C9BF30002E50D /* ObservableTests.swift in Sources */,
				DA6E16FE269D220E0002E50D /* ImageService.swift in Sources */,
				DA5EB5E5269C8A9D00D71518 /* API.swift in Sources */,
				DA6E1707269D3B9E0002E50D /* DirectoryListViewModel.swift in Sources */,
				DA6E16EB269C9E010002E50D /* TestModel.swift in Sources */,
				DA5EB5B2269522A800D71518 /* EmployeeDetailsTableViewController.swift in Sources */,
				DA6E16FC269D05780002E50D /* RoomsListService.swift in Sources */,
				DA6E170C269D3D7D0002E50D /* MockRoomListService.swift in Sources */,
				DA5EB5D2269AFC0200D71518 /* Room.swift in Sources */,
				DA5EB5C42697B89A00D71518 /* EmployeeDetail.swift in Sources */,
				DA5EB5BB2695273000D71518 /* UIView+Constraints.swift in Sources */,
				DA5EB5DF269C8A9D00D71518 /* Result.swift in Sources */,
				DA5EB5B62695258500D71518 /* EmployeeDetailNameAndPhotoTableViewCell.swift in Sources */,
				DA5EB5AB2695149E00D71518 /* RoomsListViewModel.swift in Sources */,
				DA5EB5A82695141A00D71518 /* RoomListViewController.swift in Sources */,
				DA5EB5E3269C8A9D00D71518 /* HTTPError.swift in Sources */,
				DA6E1704269D26560002E50D /* DirectoryListViewModelTests.swift in Sources */,
				DA6E16E2269C9D900002E50D /* ResourceTests.swift in Sources */,
				DA6E16F6269CA2F80002E50D /* DirectoryListService.swift in Sources */,
				DA6E16EC269C9E010002E50D /* MockURLSessionProtocol.swift in Sources */,
				DA5EB5D0269AFBFE00D71518 /* Employee.swift in Sources */,
				DA5EB5BE26952FEA00D71518 /* EmployeeDetailViewModel.swift in Sources */,
				DA6E16E3269C9D900002E50D /* APITests.swift in Sources */,
				DA6E170A269D3CC50002E50D /* RoomsListViewModelTests.swift in Sources */,
				DA5EB5E9269C8F1B00D71518 /* Observable.swift in Sources */,
				DA6E1706269D27010002E50D /* MockDirectoryListService.swift in Sources */,
				DA5EB5CC2697DF3900D71518 /* VMTheme.swift in Sources */,
				DA5EB5C72697D09F00D71518 /* EmployeeDetailsActionsManager.swift in Sources */,
				DA5EB5E1269C8A9D00D71518 /* Resource.swift in Sources */,
				DA6E16FD269D0CB00002E50D /* Constants.swift in Sources */,
			);
			runOnlyForDeploymentPostprocessing = 0;
		};
		DA54E9B726939E0D001646B1 /* Sources */ = {
			isa = PBXSourcesBuildPhase;
			buildActionMask = 2147483647;
			files = (
				DA54E9C026939E0D001646B1 /* DirectoryUITests.swift in Sources */,
				DA5EB5D1269AFBFF00D71518 /* Employee.swift in Sources */,
				DA5EB5D3269AFC0200D71518 /* Room.swift in Sources */,
			);
			runOnlyForDeploymentPostprocessing = 0;
		};
/* End PBXSourcesBuildPhase section */

/* Begin PBXTargetDependency section */
		DA54E9B226939E0D001646B1 /* PBXTargetDependency */ = {
			isa = PBXTargetDependency;
			target = DA54E99926939E0B001646B1 /* Directory */;
			targetProxy = DA54E9B126939E0D001646B1 /* PBXContainerItemProxy */;
		};
		DA54E9BD26939E0D001646B1 /* PBXTargetDependency */ = {
			isa = PBXTargetDependency;
			target = DA54E99926939E0B001646B1 /* Directory */;
			targetProxy = DA54E9BC26939E0D001646B1 /* PBXContainerItemProxy */;
		};
/* End PBXTargetDependency section */

/* Begin PBXVariantGroup section */
		DA54E9A326939E0B001646B1 /* Main.storyboard */ = {
			isa = PBXVariantGroup;
			children = (
				DA54E9A426939E0B001646B1 /* Base */,
			);
			name = Main.storyboard;
			sourceTree = "<group>";
		};
		DA54E9A826939E0D001646B1 /* LaunchScreen.storyboard */ = {
			isa = PBXVariantGroup;
			children = (
				DA54E9A926939E0D001646B1 /* Base */,
			);
			name = LaunchScreen.storyboard;
			sourceTree = "<group>";
		};
/* End PBXVariantGroup section */

/* Begin XCBuildConfiguration section */
		DA54E9C226939E0D001646B1 /* Debug */ = {
			isa = XCBuildConfiguration;
			buildSettings = {
				ALWAYS_SEARCH_USER_PATHS = NO;
				CLANG_ANALYZER_NONNULL = YES;
				CLANG_ANALYZER_NUMBER_OBJECT_CONVERSION = YES_AGGRESSIVE;
				CLANG_CXX_LANGUAGE_STANDARD = "gnu++14";
				CLANG_CXX_LIBRARY = "libc++";
				CLANG_ENABLE_MODULES = YES;
				CLANG_ENABLE_OBJC_ARC = YES;
				CLANG_ENABLE_OBJC_WEAK = YES;
				CLANG_WARN_BLOCK_CAPTURE_AUTORELEASING = YES;
				CLANG_WARN_BOOL_CONVERSION = YES;
				CLANG_WARN_COMMA = YES;
				CLANG_WARN_CONSTANT_CONVERSION = YES;
				CLANG_WARN_DEPRECATED_OBJC_IMPLEMENTATIONS = YES;
				CLANG_WARN_DIRECT_OBJC_ISA_USAGE = YES_ERROR;
				CLANG_WARN_DOCUMENTATION_COMMENTS = YES;
				CLANG_WARN_EMPTY_BODY = YES;
				CLANG_WARN_ENUM_CONVERSION = YES;
				CLANG_WARN_INFINITE_RECURSION = YES;
				CLANG_WARN_INT_CONVERSION = YES;
				CLANG_WARN_NON_LITERAL_NULL_CONVERSION = YES;
				CLANG_WARN_OBJC_IMPLICIT_RETAIN_SELF = YES;
				CLANG_WARN_OBJC_LITERAL_CONVERSION = YES;
				CLANG_WARN_OBJC_ROOT_CLASS = YES_ERROR;
				CLANG_WARN_QUOTED_INCLUDE_IN_FRAMEWORK_HEADER = YES;
				CLANG_WARN_RANGE_LOOP_ANALYSIS = YES;
				CLANG_WARN_STRICT_PROTOTYPES = YES;
				CLANG_WARN_SUSPICIOUS_MOVE = YES;
				CLANG_WARN_UNGUARDED_AVAILABILITY = YES_AGGRESSIVE;
				CLANG_WARN_UNREACHABLE_CODE = YES;
				CLANG_WARN__DUPLICATE_METHOD_MATCH = YES;
				COPY_PHASE_STRIP = NO;
				DEBUG_INFORMATION_FORMAT = dwarf;
				ENABLE_STRICT_OBJC_MSGSEND = YES;
				ENABLE_TESTABILITY = YES;
				GCC_C_LANGUAGE_STANDARD = gnu11;
				GCC_DYNAMIC_NO_PIC = NO;
				GCC_NO_COMMON_BLOCKS = YES;
				GCC_OPTIMIZATION_LEVEL = 0;
				GCC_PREPROCESSOR_DEFINITIONS = (
					"DEBUG=1",
					"$(inherited)",
				);
				GCC_WARN_64_TO_32_BIT_CONVERSION = YES;
				GCC_WARN_ABOUT_RETURN_TYPE = YES_ERROR;
				GCC_WARN_UNDECLARED_SELECTOR = YES;
				GCC_WARN_UNINITIALIZED_AUTOS = YES_AGGRESSIVE;
				GCC_WARN_UNUSED_FUNCTION = YES;
				GCC_WARN_UNUSED_VARIABLE = YES;
				IPHONEOS_DEPLOYMENT_TARGET = 11.0;
				MTL_ENABLE_DEBUG_INFO = INCLUDE_SOURCE;
				MTL_FAST_MATH = YES;
				ONLY_ACTIVE_ARCH = YES;
				SDKROOT = iphoneos;
				SWIFT_ACTIVE_COMPILATION_CONDITIONS = DEBUG;
				SWIFT_OPTIMIZATION_LEVEL = "-Onone";
			};
			name = Debug;
		};
		DA54E9C326939E0D001646B1 /* Release */ = {
			isa = XCBuildConfiguration;
			buildSettings = {
				ALWAYS_SEARCH_USER_PATHS = NO;
				CLANG_ANALYZER_NONNULL = YES;
				CLANG_ANALYZER_NUMBER_OBJECT_CONVERSION = YES_AGGRESSIVE;
				CLANG_CXX_LANGUAGE_STANDARD = "gnu++14";
				CLANG_CXX_LIBRARY = "libc++";
				CLANG_ENABLE_MODULES = YES;
				CLANG_ENABLE_OBJC_ARC = YES;
				CLANG_ENABLE_OBJC_WEAK = YES;
				CLANG_WARN_BLOCK_CAPTURE_AUTORELEASING = YES;
				CLANG_WARN_BOOL_CONVERSION = YES;
				CLANG_WARN_COMMA = YES;
				CLANG_WARN_CONSTANT_CONVERSION = YES;
				CLANG_WARN_DEPRECATED_OBJC_IMPLEMENTATIONS = YES;
				CLANG_WARN_DIRECT_OBJC_ISA_USAGE = YES_ERROR;
				CLANG_WARN_DOCUMENTATION_COMMENTS = YES;
				CLANG_WARN_EMPTY_BODY = YES;
				CLANG_WARN_ENUM_CONVERSION = YES;
				CLANG_WARN_INFINITE_RECURSION = YES;
				CLANG_WARN_INT_CONVERSION = YES;
				CLANG_WARN_NON_LITERAL_NULL_CONVERSION = YES;
				CLANG_WARN_OBJC_IMPLICIT_RETAIN_SELF = YES;
				CLANG_WARN_OBJC_LITERAL_CONVERSION = YES;
				CLANG_WARN_OBJC_ROOT_CLASS = YES_ERROR;
				CLANG_WARN_QUOTED_INCLUDE_IN_FRAMEWORK_HEADER = YES;
				CLANG_WARN_RANGE_LOOP_ANALYSIS = YES;
				CLANG_WARN_STRICT_PROTOTYPES = YES;
				CLANG_WARN_SUSPICIOUS_MOVE = YES;
				CLANG_WARN_UNGUARDED_AVAILABILITY = YES_AGGRESSIVE;
				CLANG_WARN_UNREACHABLE_CODE = YES;
				CLANG_WARN__DUPLICATE_METHOD_MATCH = YES;
				COPY_PHASE_STRIP = NO;
				DEBUG_INFORMATION_FORMAT = "dwarf-with-dsym";
				ENABLE_NS_ASSERTIONS = NO;
				ENABLE_STRICT_OBJC_MSGSEND = YES;
				GCC_C_LANGUAGE_STANDARD = gnu11;
				GCC_NO_COMMON_BLOCKS = YES;
				GCC_WARN_64_TO_32_BIT_CONVERSION = YES;
				GCC_WARN_ABOUT_RETURN_TYPE = YES_ERROR;
				GCC_WARN_UNDECLARED_SELECTOR = YES;
				GCC_WARN_UNINITIALIZED_AUTOS = YES_AGGRESSIVE;
				GCC_WARN_UNUSED_FUNCTION = YES;
				GCC_WARN_UNUSED_VARIABLE = YES;
				IPHONEOS_DEPLOYMENT_TARGET = 11.0;
				MTL_ENABLE_DEBUG_INFO = NO;
				MTL_FAST_MATH = YES;
				SDKROOT = iphoneos;
				SWIFT_COMPILATION_MODE = wholemodule;
				SWIFT_OPTIMIZATION_LEVEL = "-O";
				VALIDATE_PRODUCT = YES;
			};
			name = Release;
		};
		DA54E9C526939E0D001646B1 /* Debug */ = {
			isa = XCBuildConfiguration;
			buildSettings = {
				ASSETCATALOG_COMPILER_APPICON_NAME = AppIcon;
				ASSETCATALOG_COMPILER_GLOBAL_ACCENT_COLOR_NAME = AccentColor;
				CODE_SIGN_STYLE = Automatic;
				DEVELOPMENT_TEAM = G385A2CHPU;
				INFOPLIST_FILE = Directory/Info.plist;
				LD_RUNPATH_SEARCH_PATHS = (
					"$(inherited)",
					"@executable_path/Frameworks",
				);
				PRODUCT_BUNDLE_IDENTIFIER = com.btor.Directory;
				PRODUCT_NAME = "$(TARGET_NAME)";
				SWIFT_VERSION = 5.0;
				TARGETED_DEVICE_FAMILY = "1,2";
			};
			name = Debug;
		};
		DA54E9C626939E0D001646B1 /* Release */ = {
			isa = XCBuildConfiguration;
			buildSettings = {
				ASSETCATALOG_COMPILER_APPICON_NAME = AppIcon;
				ASSETCATALOG_COMPILER_GLOBAL_ACCENT_COLOR_NAME = AccentColor;
				CODE_SIGN_STYLE = Automatic;
				DEVELOPMENT_TEAM = G385A2CHPU;
				INFOPLIST_FILE = Directory/Info.plist;
				LD_RUNPATH_SEARCH_PATHS = (
					"$(inherited)",
					"@executable_path/Frameworks",
				);
				PRODUCT_BUNDLE_IDENTIFIER = com.btor.Directory;
				PRODUCT_NAME = "$(TARGET_NAME)";
				SWIFT_VERSION = 5.0;
				TARGETED_DEVICE_FAMILY = "1,2";
			};
			name = Release;
		};
		DA54E9C826939E0D001646B1 /* Debug */ = {
			isa = XCBuildConfiguration;
			buildSettings = {
				ALWAYS_EMBED_SWIFT_STANDARD_LIBRARIES = YES;
				BUNDLE_LOADER = "$(TEST_HOST)";
				CODE_SIGN_STYLE = Automatic;
				DEVELOPMENT_TEAM = G385A2CHPU;
				INFOPLIST_FILE = DirectoryTests/Info.plist;
				IPHONEOS_DEPLOYMENT_TARGET = 14.5;
				LD_RUNPATH_SEARCH_PATHS = (
					"$(inherited)",
					"@executable_path/Frameworks",
					"@loader_path/Frameworks",
				);
				PRODUCT_BUNDLE_IDENTIFIER = com.btor.DirectoryTests;
				PRODUCT_NAME = "$(TARGET_NAME)";
				SWIFT_VERSION = 5.0;
				TARGETED_DEVICE_FAMILY = "1,2";
				TEST_HOST = "$(BUILT_PRODUCTS_DIR)/Directory.app/Directory";
			};
			name = Debug;
		};
		DA54E9C926939E0D001646B1 /* Release */ = {
			isa = XCBuildConfiguration;
			buildSettings = {
				ALWAYS_EMBED_SWIFT_STANDARD_LIBRARIES = YES;
				BUNDLE_LOADER = "$(TEST_HOST)";
				CODE_SIGN_STYLE = Automatic;
				DEVELOPMENT_TEAM = G385A2CHPU;
				INFOPLIST_FILE = DirectoryTests/Info.plist;
				IPHONEOS_DEPLOYMENT_TARGET = 14.5;
				LD_RUNPATH_SEARCH_PATHS = (
					"$(inherited)",
					"@executable_path/Frameworks",
					"@loader_path/Frameworks",
				);
				PRODUCT_BUNDLE_IDENTIFIER = com.btor.DirectoryTests;
				PRODUCT_NAME = "$(TARGET_NAME)";
				SWIFT_VERSION = 5.0;
				TARGETED_DEVICE_FAMILY = "1,2";
				TEST_HOST = "$(BUILT_PRODUCTS_DIR)/Directory.app/Directory";
			};
			name = Release;
		};
		DA54E9CB26939E0D001646B1 /* Debug */ = {
			isa = XCBuildConfiguration;
			buildSettings = {
				ALWAYS_EMBED_SWIFT_STANDARD_LIBRARIES = YES;
				CODE_SIGN_STYLE = Automatic;
				DEVELOPMENT_TEAM = G385A2CHPU;
				INFOPLIST_FILE = DirectoryUITests/Info.plist;
				LD_RUNPATH_SEARCH_PATHS = (
					"$(inherited)",
					"@executable_path/Frameworks",
					"@loader_path/Frameworks",
				);
				PRODUCT_BUNDLE_IDENTIFIER = com.btor.DirectoryUITests;
				PRODUCT_NAME = "$(TARGET_NAME)";
				SWIFT_VERSION = 5.0;
				TARGETED_DEVICE_FAMILY = "1,2";
				TEST_TARGET_NAME = Directory;
			};
			name = Debug;
		};
		DA54E9CC26939E0D001646B1 /* Release */ = {
			isa = XCBuildConfiguration;
			buildSettings = {
				ALWAYS_EMBED_SWIFT_STANDARD_LIBRARIES = YES;
				CODE_SIGN_STYLE = Automatic;
				DEVELOPMENT_TEAM = G385A2CHPU;
				INFOPLIST_FILE = DirectoryUITests/Info.plist;
				LD_RUNPATH_SEARCH_PATHS = (
					"$(inherited)",
					"@executable_path/Frameworks",
					"@loader_path/Frameworks",
				);
				PRODUCT_BUNDLE_IDENTIFIER = com.btor.DirectoryUITests;
				PRODUCT_NAME = "$(TARGET_NAME)";
				SWIFT_VERSION = 5.0;
				TARGETED_DEVICE_FAMILY = "1,2";
				TEST_TARGET_NAME = Directory;
			};
			name = Release;
		};
/* End XCBuildConfiguration section */

/* Begin XCConfigurationList section */
		DA54E99526939E0A001646B1 /* Build configuration list for PBXProject "Directory" */ = {
			isa = XCConfigurationList;
			buildConfigurations = (
				DA54E9C226939E0D001646B1 /* Debug */,
				DA54E9C326939E0D001646B1 /* Release */,
			);
			defaultConfigurationIsVisible = 0;
			defaultConfigurationName = Release;
		};
		DA54E9C426939E0D001646B1 /* Build configuration list for PBXNativeTarget "Directory" */ = {
			isa = XCConfigurationList;
			buildConfigurations = (
				DA54E9C526939E0D001646B1 /* Debug */,
				DA54E9C626939E0D001646B1 /* Release */,
			);
			defaultConfigurationIsVisible = 0;
			defaultConfigurationName = Release;
		};
		DA54E9C726939E0D001646B1 /* Build configuration list for PBXNativeTarget "DirectoryTests" */ = {
			isa = XCConfigurationList;
			buildConfigurations = (
				DA54E9C826939E0D001646B1 /* Debug */,
				DA54E9C926939E0D001646B1 /* Release */,
			);
			defaultConfigurationIsVisible = 0;
			defaultConfigurationName = Release;
		};
		DA54E9CA26939E0D001646B1 /* Build configuration list for PBXNativeTarget "DirectoryUITests" */ = {
			isa = XCConfigurationList;
			buildConfigurations = (
				DA54E9CB26939E0D001646B1 /* Debug */,
				DA54E9CC26939E0D001646B1 /* Release */,
			);
			defaultConfigurationIsVisible = 0;
			defaultConfigurationName = Release;
		};
/* End XCConfigurationList section */
	};
	rootObject = DA54E99226939E0A001646B1 /* Project object */;
}
